{
  "name": "piaman-nx-monorepo",
  "version": "1.0.2",
  "lockfileVersion": 3,
  "requires": true,
  "packages": {
    "": {
      "name": "piaman-nx-monorepo",
      "version": "1.0.2",
      "license": "MIT",
      "workspaces": [
        "packages/piaman-nx",
        "packages/piaman-cli",
        "packages/create-piaman-nx"
      ]
    },
    "node_modules/@piaman/create-piaman-nx": {
      "resolved": "packages/create-piaman-nx",
      "link": true
    },
    "node_modules/@piaman/piaman-cli": {
      "resolved": "packages/piaman-cli",
      "link": true
    },
    "node_modules/@piaman/piaman-nx": {
      "resolved": "packages/piaman-nx",
      "link": true
    },
    "packages/create-piaman-nx": {
      "name": "@piaman/create-piaman-nx",
      "version": "1.0.2",
      "license": "MIT",
      "bin": {
        "create-piaman-nx": "src/create.js"
      },
      "engines": {
        "node": ">=18.0.0"
      }
    },
    "packages/piaman-cli": {
      "name": "@piaman/piaman-cli",
      "version": "1.0.2",
      "license": "MIT",
      "bin": {
        "piaman": "src/cli.js"
      },
      "engines": {
        "node": ">=18.0.0"
      }
    },
    "packages/piaman-nx": {
      "name": "@piaman/piaman-nx",
      "version": "1.0.2",
      "license": "MIT",
      "engines": {
        "node": ">=18.0.0"
      }
    }
  }
}
